# This file is automatically @generated by Poetry 1.8.3 and should not be changed by hand.

[[package]]
name = "pyphen"
version = "0.15.0"
description = "Pure Python module to hyphenate text"
optional = false
python-versions = ">=3.8"
files = [
    {file = "pyphen-0.15.0-py3-none-any.whl", hash = "sha256:999b430916ab42ae9912537cd95c074e0c6691e89a9d05999f9b610a68f34858"},
    {file = "pyphen-0.15.0.tar.gz", hash = "sha256:a430623decac53dc3691241253263cba36b9dd7a44ffd2680b706af368cda2f2"},
]

[package.extras]
doc = ["sphinx", "sphinx_rtd_theme"]
test = ["pytest", "ruff"]

[[package]]
name = "setuptools"
version = "71.1.0"
description = "Easily download, build, install, upgrade, and uninstall Python packages"
optional = false
python-versions = ">=3.8"
files = [
    {file = "setuptools-71.1.0-py3-none-any.whl", hash = "sha256:33874fdc59b3188304b2e7c80d9029097ea31627180896fb549c578ceb8a0855"},
    {file = "setuptools-71.1.0.tar.gz", hash = "sha256:032d42ee9fb536e33087fb66cac5f840eb9391ed05637b3f2a76a7c8fb477936"},
]

[package.extras]
core = ["importlib-metadata (>=6)", "importlib-resources (>=5.10.2)", "jaraco.text (>=3.7)", "more-itertools (>=8.8)", "ordered-set (>=3.1.1)", "packaging (>=24)", "platformdirs (>=2.6.2)", "tomli (>=2.0.1)", "wheel (>=0.43.0)"]
doc = ["furo", "jaraco.packaging (>=9.3)", "jaraco.tidelift (>=1.4)", "pygments-github-lexers (==0.0.5)", "pyproject-hooks (!=1.1)", "rst.linker (>=1.9)", "sphinx (>=3.5)", "sphinx-favicon", "sphinx-inline-tabs", "sphinx-lint", "sphinx-notfound-page (>=1,<2)", "sphinx-reredirects", "sphinxcontrib-towncrier"]
test = ["build[virtualenv] (>=1.0.3)", "filelock (>=3.4.0)", "importlib-metadata", "ini2toml[lite] (>=0.14)", "jaraco.develop (>=7.21)", "jaraco.envs (>=2.2)", "jaraco.path (>=3.2.0)", "jaraco.test", "mypy (==1.11.*)", "packaging (>=23.2)", "pip (>=19.1)", "pyproject-hooks (!=1.1)", "pytest (>=6,!=8.1.*)", "pytest-checkdocs (>=2.4)", "pytest-cov", "pytest-enabler (>=2.2)", "pytest-home (>=0.5)", "pytest-mypy", "pytest-perf", "pytest-ruff (<0.4)", "pytest-ruff (>=0.2.1)", "pytest-ruff (>=0.3.2)", "pytest-subprocess", "pytest-timeout", "pytest-xdist (>=3)", "tomli", "tomli-w (>=1.0.0)", "virtualenv (>=13.0.0)", "wheel"]

[[package]]
name = "textstat"
version = "0.7.4"
description = "Calculate statistical features from text"
optional = false
python-versions = ">=3.6"
files = [
    {file = "textstat-0.7.4-py3-none-any.whl", hash = "sha256:53a36cbcf4d21312d28cdc5a316917031667a57303e375a184d83fd52b95a407"},
]

[package.dependencies]
pyphen = "*"
setuptools = "*"

[metadata]
lock-version = "2.0"
python-versions = "^3.11"
content-hash = "a319c0ff470a155360a6a69a809f16b160bf4bf6f3109f79f433e832143b59d4"
